// !$*UTF8*$!
{
	archiveVersion = 1;
	classes = {
	};
	objectVersion = 46;
	objects = {

/* Begin PBXBuildFile section */
		700276B61E66A6D4001FA1BA /* main.m in Sources */ = {isa = PBXBuildFile; fileRef = 700276B51E66A6D4001FA1BA /* main.m */; };
		700276B91E66A6D4001FA1BA /* AppDelegate.m in Sources */ = {isa = PBXBuildFile; fileRef = 700276B81E66A6D4001FA1BA /* AppDelegate.m */; };
		700276BC1E66A6D4001FA1BA /* ViewController.m in Sources */ = {isa = PBXBuildFile; fileRef = 700276BB1E66A6D4001FA1BA /* ViewController.m */; };
		700276C11E66A6D4001FA1BA /* Assets.xcassets in Resources */ = {isa = PBXBuildFile; fileRef = 700276C01E66A6D4001FA1BA /* Assets.xcassets */; };
		700276C41E66A6D4001FA1BA /* LaunchScreen.storyboard in Resources */ = {isa = PBXBuildFile; fileRef = 700276C21E66A6D4001FA1BA /* LaunchScreen.storyboard */; };
		70F87B5A1E67CF96008465C1 /* libSTKit.a in Frameworks */ = {isa = PBXBuildFile; fileRef = 70F87B591E67CF96008465C1 /* libSTKit.a */; };
/* End PBXBuildFile section */

/* Begin PBXFileReference section */
		700276B11E66A6D4001FA1BA /* STKitDemo.app */ = {isa = PBXFileReference; explicitFileType = wrapper.application; includeInIndex = 0; path = STKitDemo.app; sourceTree = BUILT_PRODUCTS_DIR; };
		700276B51E66A6D4001FA1BA /* main.m */ = {isa = PBXFileReference; lastKnownFileType = sourcecode.c.objc; path = main.m; sourceTree = "<group>"; };
		700276B71E66A6D4001FA1BA /* AppDelegate.h */ = {isa = PBXFileReference; lastKnownFileType = sourcecode.c.h; path = AppDelegate.h; sourceTree = "<group>"; };
		700276B81E66A6D4001FA1BA /* AppDelegate.m */ = {isa = PBXFileReference; lastKnownFileType = sourcecode.c.objc; path = AppDelegate.m; sourceTree = "<group>"; };
		700276BA1E66A6D4001FA1BA /* ViewController.h */ = {isa = PBXFileReference; lastKnownFileType = sourcecode.c.h; path = ViewController.h; sourceTree = "<group>"; };
		700276BB1E66A6D4001FA1BA /* ViewController.m */ = {isa = PBXFileReference; lastKnownFileType = sourcecode.c.objc; path = ViewController.m; sourceTree = "<group>"; };
		700276C01E66A6D4001FA1BA /* Assets.xcassets */ = {isa = PBXFileReference; lastKnownFileType = folder.assetcatalog; path = Assets.xcassets; sourceTree = "<group>"; };
		700276C31E66A6D4001FA1BA /* Base */ = {isa = PBXFileReference; lastKnownFileType = file.storyboard; name = Base; path = Base.lproj/LaunchScreen.storyboard; sourceTree = "<group>"; };
		700276C51E66A6D4001FA1BA /* Info.plist */ = {isa = PBXFileReference; lastKnownFileType = text.plist.xml; path = Info.plist; sourceTree = "<group>"; };
		7002774F1E66B563001FA1BA /* NSArray+STKit.h */ = {isa = PBXFileReference; fileEncoding = 4; lastKnownFileType = sourcecode.c.h; path = "NSArray+STKit.h"; sourceTree = "<group>"; };
		700277501E66B563001FA1BA /* NSDate+STKit.h */ = {isa = PBXFileReference; fileEncoding = 4; lastKnownFileType = sourcecode.c.h; path = "NSDate+STKit.h"; sourceTree = "<group>"; };
		700277511E66B563001FA1BA /* NSDictionary+STKit.h */ = {isa = PBXFileReference; fileEncoding = 4; lastKnownFileType = sourcecode.c.h; path = "NSDictionary+STKit.h"; sourceTree = "<group>"; };
		700277521E66B563001FA1BA /* NSFileManager+STKit.h */ = {isa = PBXFileReference; fileEncoding = 4; lastKnownFileType = sourcecode.c.h; path = "NSFileManager+STKit.h"; sourceTree = "<group>"; };
		700277531E66B563001FA1BA /* NSMutableArray+STKit.h */ = {isa = PBXFileReference; fileEncoding = 4; lastKnownFileType = sourcecode.c.h; path = "NSMutableArray+STKit.h"; sourceTree = "<group>"; };
		700277541E66B563001FA1BA /* NSMutableDictionary+STKit.h */ = {isa = PBXFileReference; fileEncoding = 4; lastKnownFileType = sourcecode.c.h; path = "NSMutableDictionary+STKit.h"; sourceTree = "<group>"; };
		700277551E66B563001FA1BA /* NSNumber+STKit.h */ = {isa = PBXFileReference; fileEncoding = 4; lastKnownFileType = sourcecode.c.h; path = "NSNumber+STKit.h"; sourceTree = "<group>"; };
		700277561E66B563001FA1BA /* NSProcessInfo+STKit.h */ = {isa = PBXFileReference; fileEncoding = 4; lastKnownFileType = sourcecode.c.h; path = "NSProcessInfo+STKit.h"; sourceTree = "<group>"; };
		700277571E66B563001FA1BA /* NSString+STKit.h */ = {isa = PBXFileReference; fileEncoding = 4; lastKnownFileType = sourcecode.c.h; path = "NSString+STKit.h"; sourceTree = "<group>"; };
		700277581E66B563001FA1BA /* NSThread+STKit.h */ = {isa = PBXFileReference; fileEncoding = 4; lastKnownFileType = sourcecode.c.h; path = "NSThread+STKit.h"; sourceTree = "<group>"; };
		700277591E66B563001FA1BA /* STApp.h */ = {isa = PBXFileReference; fileEncoding = 4; lastKnownFileType = sourcecode.c.h; path = STApp.h; sourceTree = "<group>"; };
		7002775A1E66B563001FA1BA /* STButton.h */ = {isa = PBXFileReference; fileEncoding = 4; lastKnownFileType = sourcecode.c.h; path = STButton.h; sourceTree = "<group>"; };
		7002775B1E66B563001FA1BA /* STKit.h */ = {isa = PBXFileReference; fileEncoding = 4; lastKnownFileType = sourcecode.c.h; path = STKit.h; sourceTree = "<group>"; };
		7002775C1E66B563001FA1BA /* STLog.h */ = {isa = PBXFileReference; fileEncoding = 4; lastKnownFileType = sourcecode.c.h; path = STLog.h; sourceTree = "<group>"; };
		7002775D1E66B563001FA1BA /* STPassword.h */ = {isa = PBXFileReference; fileEncoding = 4; lastKnownFileType = sourcecode.c.h; path = STPassword.h; sourceTree = "<group>"; };
		7002775E1E66B563001FA1BA /* STSystemSound.h */ = {isa = PBXFileReference; fileEncoding = 4; lastKnownFileType = sourcecode.c.h; path = STSystemSound.h; sourceTree = "<group>"; };
		7002775F1E66B563001FA1BA /* STTouchID.h */ = {isa = PBXFileReference; fileEncoding = 4; lastKnownFileType = sourcecode.c.h; path = STTouchID.h; sourceTree = "<group>"; };
		700277601E66B563001FA1BA /* UIButton+STKit.h */ = {isa = PBXFileReference; fileEncoding = 4; lastKnownFileType = sourcecode.c.h; path = "UIButton+STKit.h"; sourceTree = "<group>"; };
		700277611E66B563001FA1BA /* UIColor+STKit.h */ = {isa = PBXFileReference; fileEncoding = 4; lastKnownFileType = sourcecode.c.h; path = "UIColor+STKit.h"; sourceTree = "<group>"; };
		700277621E66B563001FA1BA /* UIDevice+STKit.h */ = {isa = PBXFileReference; fileEncoding = 4; lastKnownFileType = sourcecode.c.h; path = "UIDevice+STKit.h"; sourceTree = "<group>"; };
		700277631E66B563001FA1BA /* UIFont+STKit.h */ = {isa = PBXFileReference; fileEncoding = 4; lastKnownFileType = sourcecode.c.h; path = "UIFont+STKit.h"; sourceTree = "<group>"; };
		700277641E66B563001FA1BA /* UIImage+STKit.h */ = {isa = PBXFileReference; fileEncoding = 4; lastKnownFileType = sourcecode.c.h; path = "UIImage+STKit.h"; sourceTree = "<group>"; };
		700277651E66B563001FA1BA /* UIImageView+STKit.h */ = {isa = PBXFileReference; fileEncoding = 4; lastKnownFileType = sourcecode.c.h; path = "UIImageView+STKit.h"; sourceTree = "<group>"; };
		700277661E66B563001FA1BA /* UILabel+STKit.h */ = {isa = PBXFileReference; fileEncoding = 4; lastKnownFileType = sourcecode.c.h; path = "UILabel+STKit.h"; sourceTree = "<group>"; };
		700277671E66B563001FA1BA /* UIScrollView+STKit.h */ = {isa = PBXFileReference; fileEncoding = 4; lastKnownFileType = sourcecode.c.h; path = "UIScrollView+STKit.h"; sourceTree = "<group>"; };
		700277681E66B563001FA1BA /* UITableView+STKit.h */ = {isa = PBXFileReference; fileEncoding = 4; lastKnownFileType = sourcecode.c.h; path = "UITableView+STKit.h"; sourceTree = "<group>"; };
		700277691E66B563001FA1BA /* UITextField+STKit.h */ = {isa = PBXFileReference; fileEncoding = 4; lastKnownFileType = sourcecode.c.h; path = "UITextField+STKit.h"; sourceTree = "<group>"; };
		7002776A1E66B563001FA1BA /* UIView+ST.h */ = {isa = PBXFileReference; fileEncoding = 4; lastKnownFileType = sourcecode.c.h; path = "UIView+ST.h"; sourceTree = "<group>"; };
		7002776B1E66B563001FA1BA /* UIView+STKit.h */ = {isa = PBXFileReference; fileEncoding = 4; lastKnownFileType = sourcecode.c.h; path = "UIView+STKit.h"; sourceTree = "<group>"; };
		7002776C1E66B563001FA1BA /* UIWebView+STKit.h */ = {isa = PBXFileReference; fileEncoding = 4; lastKnownFileType = sourcecode.c.h; path = "UIWebView+STKit.h"; sourceTree = "<group>"; };
		7002776D1E66B563001FA1BA /* UIWindow+STKit.h */ = {isa = PBXFileReference; fileEncoding = 4; lastKnownFileType = sourcecode.c.h; path = "UIWindow+STKit.h"; sourceTree = "<group>"; };
		70F87B591E67CF96008465C1 /* libSTKit.a */ = {isa = PBXFileReference; lastKnownFileType = archive.ar; name = libSTKit.a; path = "../../../../../../../Users/admin/Library/Developer/Xcode/DerivedData/STKit-cadumfjsqjqyqgfofzipnutboeha/Build/Products/Debug-iphonesimulator/libSTKit.a"; sourceTree = "<group>"; };
/* End PBXFileReference section */

/* Begin PBXFrameworksBuildPhase section */
		700276AE1E66A6D4001FA1BA /* Frameworks */ = {
			isa = PBXFrameworksBuildPhase;
			buildActionMask = 2147483647;
			files = (
				70F87B5A1E67CF96008465C1 /* libSTKit.a in Frameworks */,
			);
			runOnlyForDeploymentPostprocessing = 0;
		};
/* End PBXFrameworksBuildPhase section */

/* Begin PBXGroup section */
		700276A81E66A6D4001FA1BA = {
			isa = PBXGroup;
			children = (
				700276B31E66A6D4001FA1BA /* STKitDemo */,
				700276B21E66A6D4001FA1BA /* Products */,
				700276CC1E66A7C4001FA1BA /* Frameworks */,
			);
			sourceTree = "<group>";
		};
		700276B21E66A6D4001FA1BA /* Products */ = {
			isa = PBXGroup;
			children = (
				700276B11E66A6D4001FA1BA /* STKitDemo.app */,
			);
			name = Products;
			sourceTree = "<group>";
		};
		700276B31E66A6D4001FA1BA /* STKitDemo */ = {
			isa = PBXGroup;
			children = (
				700276B71E66A6D4001FA1BA /* AppDelegate.h */,
				700276B81E66A6D4001FA1BA /* AppDelegate.m */,
				700276BA1E66A6D4001FA1BA /* ViewController.h */,
				700276BB1E66A6D4001FA1BA /* ViewController.m */,
				700276C01E66A6D4001FA1BA /* Assets.xcassets */,
				700276C21E66A6D4001FA1BA /* LaunchScreen.storyboard */,
				700276C51E66A6D4001FA1BA /* Info.plist */,
				700276B41E66A6D4001FA1BA /* Supporting Files */,
			);
			path = STKitDemo;
			sourceTree = "<group>";
		};
		700276B41E66A6D4001FA1BA /* Supporting Files */ = {
			isa = PBXGroup;
			children = (
				700276B51E66A6D4001FA1BA /* main.m */,
			);
			name = "Supporting Files";
			sourceTree = "<group>";
		};
		700276CC1E66A7C4001FA1BA /* Frameworks */ = {
			isa = PBXGroup;
			children = (
				70F87B591E67CF96008465C1 /* libSTKit.a */,
				7002774D1E66B563001FA1BA /* include */,
			);
			name = Frameworks;
			sourceTree = "<group>";
		};
		7002774D1E66B563001FA1BA /* include */ = {
			isa = PBXGroup;
			children = (
				7002774E1E66B563001FA1BA /* STKit */,
			);
			name = include;
			path = "../../../../../../../Users/admin/Library/Developer/Xcode/DerivedData/STKit-cadumfjsqjqyqgfofzipnutboeha/Build/Products/Debug-iphonesimulator/include";
			sourceTree = "<group>";
		};
		7002774E1E66B563001FA1BA /* STKit */ = {
			isa = PBXGroup;
			children = (
				7002774F1E66B563001FA1BA /* NSArray+STKit.h */,
				700277501E66B563001FA1BA /* NSDate+STKit.h */,
				700277511E66B563001FA1BA /* NSDictionary+STKit.h */,
				700277521E66B563001FA1BA /* NSFileManager+STKit.h */,
				700277531E66B563001FA1BA /* NSMutableArray+STKit.h */,
				700277541E66B563001FA1BA /* NSMutableDictionary+STKit.h */,
				700277551E66B563001FA1BA /* NSNumber+STKit.h */,
				700277561E66B563001FA1BA /* NSProcessInfo+STKit.h */,
				700277571E66B563001FA1BA /* NSString+STKit.h */,
				700277581E66B563001FA1BA /* NSThread+STKit.h */,
				700277591E66B563001FA1BA /* STApp.h */,
				7002775A1E66B563001FA1BA /* STButton.h */,
				7002775B1E66B563001FA1BA /* STKit.h */,
				7002775C1E66B563001FA1BA /* STLog.h */,
				7002775D1E66B563001FA1BA /* STPassword.h */,
				7002775E1E66B563001FA1BA /* STSystemSound.h */,
				7002775F1E66B563001FA1BA /* STTouchID.h */,
				700277601E66B563001FA1BA /* UIButton+STKit.h */,
				700277611E66B563001FA1BA /* UIColor+STKit.h */,
				700277621E66B563001FA1BA /* UIDevice+STKit.h */,
				700277631E66B563001FA1BA /* UIFont+STKit.h */,
				700277641E66B563001FA1BA /* UIImage+STKit.h */,
				700277651E66B563001FA1BA /* UIImageView+STKit.h */,
				700277661E66B563001FA1BA /* UILabel+STKit.h */,
				700277671E66B563001FA1BA /* UIScrollView+STKit.h */,
				700277681E66B563001FA1BA /* UITableView+STKit.h */,
				700277691E66B563001FA1BA /* UITextField+STKit.h */,
				7002776A1E66B563001FA1BA /* UIView+ST.h */,
				7002776B1E66B563001FA1BA /* UIView+STKit.h */,
				7002776C1E66B563001FA1BA /* UIWebView+STKit.h */,
				7002776D1E66B563001FA1BA /* UIWindow+STKit.h */,
			);
			path = STKit;
			sourceTree = "<group>";
		};
/* End PBXGroup section */

/* Begin PBXNativeTarget section */
		700276B01E66A6D4001FA1BA /* STKitDemo */ = {
			isa = PBXNativeTarget;
			buildConfigurationList = 700276C81E66A6D4001FA1BA /* Build configuration list for PBXNativeTarget "STKitDemo" */;
			buildPhases = (
				700276AD1E66A6D4001FA1BA /* Sources */,
				700276AE1E66A6D4001FA1BA /* Frameworks */,
				700276AF1E66A6D4001FA1BA /* Resources */,
			);
			buildRules = (
			);
			dependencies = (
			);
			name = STKitDemo;
			productName = STKitDemo;
			productReference = 700276B11E66A6D4001FA1BA /* STKitDemo.app */;
			productType = "com.apple.product-type.application";
		};
/* End PBXNativeTarget section */

/* Begin PBXProject section */
		700276A91E66A6D4001FA1BA /* Project object */ = {
			isa = PBXProject;
			attributes = {
				LastUpgradeCheck = 0820;
				ORGANIZATIONNAME = ST;
				TargetAttributes = {
					700276B01E66A6D4001FA1BA = {
						CreatedOnToolsVersion = 8.2.1;
						DevelopmentTeam = Z25J3BA353;
						ProvisioningStyle = Automatic;
					};
				};
			};
			buildConfigurationList = 700276AC1E66A6D4001FA1BA /* Build configuration list for PBXProject "STKitDemo" */;
			compatibilityVersion = "Xcode 3.2";
			developmentRegion = English;
			hasScannedForEncodings = 0;
			knownRegions = (
				en,
				Base,
			);
			mainGroup = 700276A81E66A6D4001FA1BA;
			productRefGroup = 700276B21E66A6D4001FA1BA /* Products */;
			projectDirPath = "";
			projectRoot = "";
			targets = (
				700276B01E66A6D4001FA1BA /* STKitDemo */,
			);
		};
/* End PBXProject section */

/* Begin PBXResourcesBuildPhase section */
		700276AF1E66A6D4001FA1BA /* Resources */ = {
			isa = PBXResourcesBuildPhase;
			buildActionMask = 2147483647;
			files = (
				700276C41E66A6D4001FA1BA /* LaunchScreen.storyboard in Resources */,
				700276C11E66A6D4001FA1BA /* Assets.xcassets in Resources */,
			);
			runOnlyForDeploymentPostprocessing = 0;
		};
/* End PBXResourcesBuildPhase section */

/* Begin PBXSourcesBuildPhase section */
		700276AD1E66A6D4001FA1BA /* Sources */ = {
			isa = PBXSourcesBuildPhase;
			buildActionMask = 2147483647;
			files = (
				700276BC1E66A6D4001FA1BA /* ViewController.m in Sources */,
				700276B91E66A6D4001FA1BA /* AppDelegate.m in Sources */,
				700276B61E66A6D4001FA1BA /* main.m in Sources */,
			);
			runOnlyForDeploymentPostprocessing = 0;
		};
/* End PBXSourcesBuildPhase section */

/* Begin PBXVariantGroup section */
		700276C21E66A6D4001FA1BA /* LaunchScreen.storyboard */ = {
			isa = PBXVariantGroup;
			children = (
				700276C31E66A6D4001FA1BA /* Base */,
			);
			name = LaunchScreen.storyboard;
			sourceTree = "<group>";
		};
/* End PBXVariantGroup section */

/* Begin XCBuildConfiguration section */
		700276C61E66A6D4001FA1BA /* Debug */ = {
			isa = XCBuildConfiguration;
			buildSettings = {
				ALWAYS_SEARCH_USER_PATHS = NO;
				CLANG_ANALYZER_NONNULL = YES;
				CLANG_CXX_LANGUAGE_STANDARD = "gnu++0x";
				CLANG_CXX_LIBRARY = "libc++";
				CLANG_ENABLE_MODULES = YES;
				CLANG_ENABLE_OBJC_ARC = YES;
				CLANG_WARN_BOOL_CONVERSION = YES;
				CLANG_WARN_CONSTANT_CONVERSION = YES;
				CLANG_WARN_DIRECT_OBJC_ISA_USAGE = YES_ERROR;
				CLANG_WARN_DOCUMENTATION_COMMENTS = YES;
				CLANG_WARN_EMPTY_BODY = YES;
				CLANG_WARN_ENUM_CONVERSION = YES;
				CLANG_WARN_INFINITE_RECURSION = YES;
				CLANG_WARN_INT_CONVERSION = YES;
				CLANG_WARN_OBJC_ROOT_CLASS = YES_ERROR;
				CLANG_WARN_SUSPICIOUS_MOVE = YES;
				CLANG_WARN_UNREACHABLE_CODE = YES;
				CLANG_WARN__DUPLICATE_METHOD_MATCH = YES;
				"CODE_SIGN_IDENTITY[sdk=iphoneos*]" = "iPhone Developer";
				COPY_PHASE_STRIP = NO;
				DEBUG_INFORMATION_FORMAT = dwarf;
				ENABLE_STRICT_OBJC_MSGSEND = YES;
				ENABLE_TESTABILITY = YES;
				GCC_C_LANGUAGE_STANDARD = gnu99;
				GCC_DYNAMIC_NO_PIC = NO;
				GCC_NO_COMMON_BLOCKS = YES;
				GCC_OPTIMIZATION_LEVEL = 0;
				GCC_PREPROCESSOR_DEFINITIONS = (
					"DEBUG=1",
					"$(inherited)",
				);
				GCC_WARN_64_TO_32_BIT_CONVERSION = YES;
				GCC_WARN_ABOUT_RETURN_TYPE = YES_ERROR;
				GCC_WARN_UNDECLARED_SELECTOR = YES;
				GCC_WARN_UNINITIALIZED_AUTOS = YES_AGGRESSIVE;
				GCC_WARN_UNUSED_FUNCTION = YES;
				GCC_WARN_UNUSED_VARIABLE = YES;
				IPHONEOS_DEPLOYMENT_TARGET = 8.0;
				MTL_ENABLE_DEBUG_INFO = YES;
				ONLY_ACTIVE_ARCH = YES;
				SDKROOT = iphoneos;
				TARGETED_DEVICE_FAMILY = "1,2";
			};
			name = Debug;
		};
		700276C71E66A6D4001FA1BA /* Release */ = {
			isa = XCBuildConfiguration;
			buildSettings = {
				ALWAYS_SEARCH_USER_PATHS = NO;
				CLANG_ANALYZER_NONNULL = YES;
				CLANG_CXX_LANGUAGE_STANDARD = "gnu++0x";
				CLANG_CXX_LIBRARY = "libc++";
				CLANG_ENABLE_MODULES = YES;
				CLANG_ENABLE_OBJC_ARC = YES;
				CLANG_WARN_BOOL_CONVERSION = YES;
				CLANG_WARN_CONSTANT_CONVERSION = YES;
				CLANG_WARN_DIRECT_OBJC_ISA_USAGE = YES_ERROR;
				CLANG_WARN_DOCUMENTATION_COMMENTS = YES;
				CLANG_WARN_EMPTY_BODY = YES;
				CLANG_WARN_ENUM_CONVERSION = YES;
				CLANG_WARN_INFINITE_RECURSION = YES;
				CLANG_WARN_INT_CONVERSION = YES;
				CLANG_WARN_OBJC_ROOT_CLASS = YES_ERROR;
				CLANG_WARN_SUSPICIOUS_MOVE = YES;
				CLANG_WARN_UNREACHABLE_CODE = YES;
				CLANG_WARN__DUPLICATE_METHOD_MATCH = YES;
				"CODE_SIGN_IDENTITY[sdk=iphoneos*]" = "iPhone Developer";
				COPY_PHASE_STRIP = NO;
				DEBUG_INFORMATION_FORMAT = "dwarf-with-dsym";
				ENABLE_NS_ASSERTIONS = NO;
				ENABLE_STRICT_OBJC_MSGSEND = YES;
				GCC_C_LANGUAGE_STANDARD = gnu99;
				GCC_NO_COMMON_BLOCKS = YES;
				GCC_WARN_64_TO_32_BIT_CONVERSION = YES;
				GCC_WARN_ABOUT_RETURN_TYPE = YES_ERROR;
				GCC_WARN_UNDECLARED_SELECTOR = YES;
				GCC_WARN_UNINITIALIZED_AUTOS = YES_AGGRESSIVE;
				GCC_WARN_UNUSED_FUNCTION = YES;
				GCC_WARN_UNUSED_VARIABLE = YES;
				IPHONEOS_DEPLOYMENT_TARGET = 8.0;
				MTL_ENABLE_DEBUG_INFO = NO;
				SDKROOT = iphoneos;
				TARGETED_DEVICE_FAMILY = "1,2";
				VALIDATE_PRODUCT = YES;
			};
			name = Release;
		};
		700276C91E66A6D4001FA1BA /* Debug */ = {
			isa = XCBuildConfiguration;
			buildSettings = {
				ASSETCATALOG_COMPILER_APPICON_NAME = AppIcon;
				DEVELOPMENT_TEAM = Z25J3BA353;
				INFOPLIST_FILE = STKitDemo/Info.plist;
				LD_RUNPATH_SEARCH_PATHS = "$(inherited) @executable_path/Frameworks";
				PRODUCT_BUNDLE_IDENTIFIER = com.st.cn.st;
				PRODUCT_NAME = "$(TARGET_NAME)";
			};
			name = Debug;
		};
		700276CA1E66A6D4001FA1BA /* Release */ = {
			isa = XCBuildConfiguration;
			buildSettings = {
				ASSETCATALOG_COMPILER_APPICON_NAME = AppIcon;
				DEVELOPMENT_TEAM = Z25J3BA353;
				INFOPLIST_FILE = STKitDemo/Info.plist;
				LD_RUNPATH_SEARCH_PATHS = "$(inherited) @executable_path/Frameworks";
				PRODUCT_BUNDLE_IDENTIFIER = com.st.cn.st;
				PRODUCT_NAME = "$(TARGET_NAME)";
			};
			name = Release;
		};
/* End XCBuildConfiguration section */

/* Begin XCConfigurationList section */
		700276AC1E66A6D4001FA1BA /* Build configuration list for PBXProject "STKitDemo" */ = {
			isa = XCConfigurationList;
			buildConfigurations = (
				700276C61E66A6D4001FA1BA /* Debug */,
				700276C71E66A6D4001FA1BA /* Release */,
			);
			defaultConfigurationIsVisible = 0;
			defaultConfigurationName = Release;
		};
		700276C81E66A6D4001FA1BA /* Build configuration list for PBXNativeTarget "STKitDemo" */ = {
			isa = XCConfigurationList;
			buildConfigurations = (
				700276C91E66A6D4001FA1BA /* Debug */,
				700276CA1E66A6D4001FA1BA /* Release */,
			);
			defaultConfigurationIsVisible = 0;
			defaultConfigurationName = Release;
		};
/* End XCConfigurationList section */
	};
	rootObject = 700276A91E66A6D4001FA1BA /* Project object */;
}
